
Microsoft Visual Studio Solution File, Format Version 12.00
# Visual Studio Version 17
VisualStudioVersion = 17.10.35027.167
MinimumVisualStudioVersion = 10.0.40219.1
Project("{2150E333-8FDC-42A3-9474-1A3956D46DE8}") = "src", "src", "{369AB915-2F05-40E1-952D-B3CE372F01CE}"
EndProject
Project("{FAE04EC0-301F-11D3-BF4B-00C04F79EFBC}") = "ArtForAll.Generators.Client", "ArtForAll.Generators.Client\ArtForAll.Generators.Client.csproj", "{077A2272-FA13-4D04-BB19-ED1F9D03D1BA}"
EndProject
Project("{FAE04EC0-301F-11D3-BF4B-00C04F79EFBC}") = "ArtForAll.Generators", "ArtForAll.Generators\ArtForAll.Generators.csproj", "{A2014C2C-7538-4799-9B64-310E8D0D9CB0}"
EndProject
Global
	GlobalSection(SolutionConfigurationPlatforms) = preSolution
		Debug|Any CPU = Debug|Any CPU
		Release|Any CPU = Release|Any CPU
	EndGlobalSection
	GlobalSection(ProjectConfigurationPlatforms) = postSolution
		{077A2272-FA13-4D04-BB19-ED1F9D03D1BA}.Debug|Any CPU.ActiveCfg = Debug|Any CPU
		{077A2272-FA13-4D04-BB19-ED1F9D03D1BA}.Debug|Any CPU.Build.0 = Debug|Any CPU
		{077A2272-FA13-4D04-BB19-ED1F9D03D1BA}.Release|Any CPU.ActiveCfg = Release|Any CPU
		{077A2272-FA13-4D04-BB19-ED1F9D03D1BA}.Release|Any CPU.Build.0 = Release|Any CPU
		{A2014C2C-7538-4799-9B64-310E8D0D9CB0}.Debug|Any CPU.ActiveCfg = Debug|Any CPU
		{A2014C2C-7538-4799-9B64-310E8D0D9CB0}.Debug|Any CPU.Build.0 = Debug|Any CPU
		{A2014C2C-7538-4799-9B64-310E8D0D9CB0}.Release|Any CPU.ActiveCfg = Release|Any CPU
		{A2014C2C-7538-4799-9B64-310E8D0D9CB0}.Release|Any CPU.Build.0 = Release|Any CPU
	EndGlobalSection
	GlobalSection(SolutionProperties) = preSolution
		HideSolutionNode = FALSE
	EndGlobalSection
	GlobalSection(NestedProjects) = preSolution
		{077A2272-FA13-4D04-BB19-ED1F9D03D1BA} = {369AB915-2F05-40E1-952D-B3CE372F01CE}
		{A2014C2C-7538-4799-9B64-310E8D0D9CB0} = {369AB915-2F05-40E1-952D-B3CE372F01CE}
	EndGlobalSection
	GlobalSection(ExtensibilityGlobals) = postSolution
		SolutionGuid = {D5922EAF-A8BA-4E96-BF41-1679C6D27575}
	EndGlobalSection
EndGlobal
